
Microsoft Visual Studio Solution File, Format Version 12.00
# Visual Studio 14
VisualStudioVersion = 14.0.24720.0
MinimumVisualStudioVersion = 10.0.40219.1
Project("{FAE04EC0-301F-11D3-BF4B-00C04F79EFBC}") = "EbCommon", "Eb\EbCommon\EbCommon.csproj", "{4A1A0894-DC8E-4D16-B920-064B77C9E781}"
EndProject
Project("{FAE04EC0-301F-11D3-BF4B-00C04F79EFBC}") = "EbSqlite", "Eb\EbSqlite\EbSqlite.csproj", "{47B5D60F-BE8D-4CCF-8125-800B991A6502}"
EndProject
Project("{FAE04EC0-301F-11D3-BF4B-00C04F79EFBC}") = "EbTest", "Eb\EbTest\EbTest.csproj", "{ABE088BF-8858-4920-8E06-002CE2658BC9}"
EndProject
Project("{FAE04EC0-301F-11D3-BF4B-00C04F79EFBC}") = "EsTest", "Es\EsTest\EsTest.csproj", "{7BAA2FA5-60EC-4B79-B794-B9E2EA917724}"
EndProject
Project("{FAE04EC0-301F-11D3-BF4B-00C04F79EFBC}") = "EsEngine", "Es\EsEngine\EsEngine.csproj", "{FE8E4C40-6ADC-45E8-AEC3-63554C724584}"
EndProject
Global
	GlobalSection(SolutionConfigurationPlatforms) = preSolution
		Debug|Any CPU = Debug|Any CPU
		Debug|x86 = Debug|x86
		Release|Any CPU = Release|Any CPU
		Release|x86 = Release|x86
	EndGlobalSection
	GlobalSection(ProjectConfigurationPlatforms) = postSolution
		{4A1A0894-DC8E-4D16-B920-064B77C9E781}.Debug|Any CPU.ActiveCfg = Debug|Any CPU
		{4A1A0894-DC8E-4D16-B920-064B77C9E781}.Debug|Any CPU.Build.0 = Debug|Any CPU
		{4A1A0894-DC8E-4D16-B920-064B77C9E781}.Debug|x86.ActiveCfg = Debug|Any CPU
		{4A1A0894-DC8E-4D16-B920-064B77C9E781}.Release|Any CPU.ActiveCfg = Release|Any CPU
		{4A1A0894-DC8E-4D16-B920-064B77C9E781}.Release|Any CPU.Build.0 = Release|Any CPU
		{4A1A0894-DC8E-4D16-B920-064B77C9E781}.Release|x86.ActiveCfg = Release|Any CPU
		{47B5D60F-BE8D-4CCF-8125-800B991A6502}.Debug|Any CPU.ActiveCfg = Debug|Any CPU
		{47B5D60F-BE8D-4CCF-8125-800B991A6502}.Debug|Any CPU.Build.0 = Debug|Any CPU
		{47B5D60F-BE8D-4CCF-8125-800B991A6502}.Debug|x86.ActiveCfg = Debug|Any CPU
		{47B5D60F-BE8D-4CCF-8125-800B991A6502}.Release|Any CPU.ActiveCfg = Release|Any CPU
		{47B5D60F-BE8D-4CCF-8125-800B991A6502}.Release|Any CPU.Build.0 = Release|Any CPU
		{47B5D60F-BE8D-4CCF-8125-800B991A6502}.Release|x86.ActiveCfg = Release|Any CPU
		{ABE088BF-8858-4920-8E06-002CE2658BC9}.Debug|Any CPU.ActiveCfg = Debug|Any CPU
		{ABE088BF-8858-4920-8E06-002CE2658BC9}.Debug|Any CPU.Build.0 = Debug|Any CPU
		{ABE088BF-8858-4920-8E06-002CE2658BC9}.Debug|x86.ActiveCfg = Debug|Any CPU
		{ABE088BF-8858-4920-8E06-002CE2658BC9}.Release|Any CPU.ActiveCfg = Release|Any CPU
		{ABE088BF-8858-4920-8E06-002CE2658BC9}.Release|Any CPU.Build.0 = Release|Any CPU
		{ABE088BF-8858-4920-8E06-002CE2658BC9}.Release|x86.ActiveCfg = Release|Any CPU
		{7BAA2FA5-60EC-4B79-B794-B9E2EA917724}.Debug|Any CPU.ActiveCfg = Debug|Any CPU
		{7BAA2FA5-60EC-4B79-B794-B9E2EA917724}.Debug|Any CPU.Build.0 = Debug|Any CPU
		{7BAA2FA5-60EC-4B79-B794-B9E2EA917724}.Debug|x86.ActiveCfg = Debug|Any CPU
		{7BAA2FA5-60EC-4B79-B794-B9E2EA917724}.Release|Any CPU.ActiveCfg = Release|Any CPU
		{7BAA2FA5-60EC-4B79-B794-B9E2EA917724}.Release|Any CPU.Build.0 = Release|Any CPU
		{7BAA2FA5-60EC-4B79-B794-B9E2EA917724}.Release|x86.ActiveCfg = Release|Any CPU
		{FE8E4C40-6ADC-45E8-AEC3-63554C724584}.Debug|Any CPU.ActiveCfg = Debug|Any CPU
		{FE8E4C40-6ADC-45E8-AEC3-63554C724584}.Debug|Any CPU.Build.0 = Debug|Any CPU
		{FE8E4C40-6ADC-45E8-AEC3-63554C724584}.Debug|x86.ActiveCfg = Debug|Any CPU
		{FE8E4C40-6ADC-45E8-AEC3-63554C724584}.Release|Any CPU.ActiveCfg = Release|Any CPU
		{FE8E4C40-6ADC-45E8-AEC3-63554C724584}.Release|Any CPU.Build.0 = Release|Any CPU
		{FE8E4C40-6ADC-45E8-AEC3-63554C724584}.Release|x86.ActiveCfg = Release|Any CPU
	EndGlobalSection
	GlobalSection(SolutionProperties) = preSolution
		HideSolutionNode = FALSE
	EndGlobalSection
EndGlobal
